// !$*UTF8*$!
{
	archiveVersion = 1;
	classes = {
	};
	objectVersion = 50;
	objects = {

/* Begin PBXBuildFile section */
		0B83703326D0D98E008467E2 /* AppDelegate.swift in Sources */ = {isa = PBXBuildFile; fileRef = 0B83703226D0D98E008467E2 /* AppDelegate.swift */; };
		0B83703526D0D98E008467E2 /* ViewController.swift in Sources */ = {isa = PBXBuildFile; fileRef = 0B83703426D0D98E008467E2 /* ViewController.swift */; };
		0B83703826D0D990008467E2 /* Main.storyboard in Resources */ = {isa = PBXBuildFile; fileRef = 0B83703626D0D990008467E2 /* Main.storyboard */; };
		0B83703A26D0DB33008467E2 /* Assets.xcassets in Resources */ = {isa = PBXBuildFile; fileRef = 0B83703926D0DB33008467E2 /* Assets.xcassets */; };
		0B83703D26D0DB33008467E2 /* LaunchScreen.storyboard in Resources */ = {isa = PBXBuildFile; fileRef = 0B83703B26D0DB33008467E2 /* LaunchScreen.storyboard */; };
		0B83704526D0DEEB008467E2 /* Extension.swift in Sources */ = {isa = PBXBuildFile; fileRef = 0B83704426D0DEEB008467E2 /* Extension.swift */; };
		0B83704826D0E0AD008467E2 /* WeatherVC.swift in Sources */ = {isa = PBXBuildFile; fileRef = 0B83704726D0E0AD008467E2 /* WeatherVC.swift */; };
		0B83704C26D0E11D008467E2 /* WeatherDataVC.swift in Sources */ = {isa = PBXBuildFile; fileRef = 0B83704B26D0E11D008467E2 /* WeatherDataVC.swift */; };
		0B83704E26D0E15B008467E2 /* ApiHandler.swift in Sources */ = {isa = PBXBuildFile; fileRef = 0B83704D26D0E15B008467E2 /* ApiHandler.swift */; };
/* End PBXBuildFile section */

/* Begin PBXFileReference section */
		0B83702F26D0D98D008467E2 /* WeatherApp.app */ = {isa = PBXFileReference; explicitFileType = wrapper.application; includeInIndex = 0; path = WeatherApp.app; sourceTree = BUILT_PRODUCTS_DIR; };
		0B83703226D0D98E008467E2 /* AppDelegate.swift */ = {isa = PBXFileReference; lastKnownFileType = sourcecode.swift; path = AppDelegate.swift; sourceTree = "<group>"; };
		0B83703426D0D98E008467E2 /* ViewController.swift */ = {isa = PBXFileReference; lastKnownFileType = sourcecode.swift; path = ViewController.swift; sourceTree = "<group>"; };
		0B83703726D0D990008467E2 /* Base */ = {isa = PBXFileReference; lastKnownFileType = file.storyboard; name = Base; path = Base.lproj/Main.storyboard; sourceTree = "<group>"; };
		0B83703926D0DB33008467E2 /* Assets.xcassets */ = {isa = PBXFileReference; lastKnownFileType = folder.assetcatalog; path = Assets.xcassets; sourceTree = "<group>"; };
		0B83703C26D0DB33008467E2 /* Base */ = {isa = PBXFileReference; lastKnownFileType = file.storyboard; name = Base; path = Base.lproj/LaunchScreen.storyboard; sourceTree = "<group>"; };
		0B83703E26D0DB33008467E2 /* Info.plist */ = {isa = PBXFileReference; lastKnownFileType = text.plist.xml; path = Info.plist; sourceTree = "<group>"; };
		0B83704426D0DEEB008467E2 /* Extension.swift */ = {isa = PBXFileReference; lastKnownFileType = sourcecode.swift; path = Extension.swift; sourceTree = "<group>"; };
		0B83704726D0E0AD008467E2 /* WeatherVC.swift */ = {isa = PBXFileReference; lastKnownFileType = sourcecode.swift; path = WeatherVC.swift; sourceTree = "<group>"; };
		0B83704B26D0E11D008467E2 /* WeatherDataVC.swift */ = {isa = PBXFileReference; lastKnownFileType = sourcecode.swift; path = WeatherDataVC.swift; sourceTree = "<group>"; };
		0B83704D26D0E15B008467E2 /* ApiHandler.swift */ = {isa = PBXFileReference; lastKnownFileType = sourcecode.swift; path = ApiHandler.swift; sourceTree = "<group>"; };
/* End PBXFileReference section */

/* Begin PBXFrameworksBuildPhase section */
		0B83702C26D0D98B008467E2 /* Frameworks */ = {
			isa = PBXFrameworksBuildPhase;
			buildActionMask = 2147483647;
			files = (
			);
			runOnlyForDeploymentPostprocessing = 0;
		};
/* End PBXFrameworksBuildPhase section */

/* Begin PBXGroup section */
		0B83702626D0D989008467E2 = {
			isa = PBXGroup;
			children = (
				0B83703126D0D98D008467E2 /* WeatherApp */,
				0B83703026D0D98D008467E2 /* Products */,
			);
			sourceTree = "<group>";
		};
		0B83703026D0D98D008467E2 /* Products */ = {
			isa = PBXGroup;
			children = (
				0B83702F26D0D98D008467E2 /* WeatherApp.app */,
			);
			name = Products;
			sourceTree = "<group>";
		};
		0B83703126D0D98D008467E2 /* WeatherApp */ = {
			isa = PBXGroup;
			children = (
				0B83704626D0DF21008467E2 /* Extras */,
				0B83703426D0D98E008467E2 /* ViewController.swift */,
				0B83704726D0E0AD008467E2 /* WeatherVC.swift */,
				0B83704D26D0E15B008467E2 /* ApiHandler.swift */,
				0B83704B26D0E11D008467E2 /* WeatherDataVC.swift */,
				0B83703626D0D990008467E2 /* Main.storyboard */,
				0B83703926D0DB33008467E2 /* Assets.xcassets */,
				0B83703B26D0DB33008467E2 /* LaunchScreen.storyboard */,
				0B83703E26D0DB33008467E2 /* Info.plist */,
			);
			path = WeatherApp;
			sourceTree = "<group>";
		};
		0B83704626D0DF21008467E2 /* Extras */ = {
			isa = PBXGroup;
			children = (
				0B83704426D0DEEB008467E2 /* Extension.swift */,
				0B83703226D0D98E008467E2 /* AppDelegate.swift */,
			);
			path = Extras;
			sourceTree = "<group>";
		};
/* End PBXGroup section */

/* Begin PBXNativeTarget section */
		0B83702E26D0D98B008467E2 /* WeatherApp */ = {
			isa = PBXNativeTarget;
			buildConfigurationList = 0B83704126D0DB33008467E2 /* Build configuration list for PBXNativeTarget "WeatherApp" */;
			buildPhases = (
				0B83702B26D0D98B008467E2 /* Sources */,
				0B83702C26D0D98B008467E2 /* Frameworks */,
				0B83702D26D0D98B008467E2 /* Resources */,
			);
			buildRules = (
			);
			dependencies = (
			);
			name = WeatherApp;
			productName = WeatherApp;
			productReference = 0B83702F26D0D98D008467E2 /* WeatherApp.app */;
			productType = "com.apple.product-type.application";
		};
/* End PBXNativeTarget section */

/* Begin PBXProject section */
		0B83702726D0D989008467E2 /* Project object */ = {
			isa = PBXProject;
			attributes = {
				LastSwiftUpdateCheck = 1020;
				LastUpgradeCheck = 1020;
				ORGANIZATIONNAME = DCS;
				TargetAttributes = {
					0B83702E26D0D98B008467E2 = {
						CreatedOnToolsVersion = 10.2.1;
					};
				};
			};
			buildConfigurationList = 0B83702A26D0D989008467E2 /* Build configuration list for PBXProject "WeatherApp" */;
			compatibilityVersion = "Xcode 9.3";
			developmentRegion = en;
			hasScannedForEncodings = 0;
			knownRegions = (
				en,
				Base,
			);
			mainGroup = 0B83702626D0D989008467E2;
			productRefGroup = 0B83703026D0D98D008467E2 /* Products */;
			projectDirPath = "";
			projectRoot = "";
			targets = (
				0B83702E26D0D98B008467E2 /* WeatherApp */,
			);
		};
/* End PBXProject section */

/* Begin PBXResourcesBuildPhase section */
		0B83702D26D0D98B008467E2 /* Resources */ = {
			isa = PBXResourcesBuildPhase;
			buildActionMask = 2147483647;
			files = (
				0B83703D26D0DB33008467E2 /* LaunchScreen.storyboard in Resources */,
				0B83703A26D0DB33008467E2 /* Assets.xcassets in Resources */,
				0B83703826D0D990008467E2 /* Main.storyboard in Resources */,
			);
			runOnlyForDeploymentPostprocessing = 0;
		};
/* End PBXResourcesBuildPhase section */

/* Begin PBXSourcesBuildPhase section */
		0B83702B26D0D98B008467E2 /* Sources */ = {
			isa = PBXSourcesBuildPhase;
			buildActionMask = 2147483647;
			files = (
				0B83704526D0DEEB008467E2 /* Extension.swift in Sources */,
				0B83703526D0D98E008467E2 /* ViewController.swift in Sources */,
				0B83703326D0D98E008467E2 /* AppDelegate.swift in Sources */,
				0B83704E26D0E15B008467E2 /* ApiHandler.swift in Sources */,
				0B83704826D0E0AD008467E2 /* WeatherVC.swift in Sources */,
				0B83704C26D0E11D008467E2 /* WeatherDataVC.swift in Sources */,
			);
			runOnlyForDeploymentPostprocessing = 0;
		};
/* End PBXSourcesBuildPhase section */

/* Begin PBXVariantGroup section */
		0B83703626D0D990008467E2 /* Main.storyboard */ = {
			isa = PBXVariantGroup;
			children = (
				0B83703726D0D990008467E2 /* Base */,
			);
			name = Main.storyboard;
			sourceTree = "<group>";
		};
		0B83703B26D0DB33008467E2 /* LaunchScreen.storyboard */ = {
			isa = PBXVariantGroup;
			children = (
				0B83703C26D0DB33008467E2 /* Base */,
			);
			name = LaunchScreen.storyboard;
			sourceTree = "<group>";
		};
/* End PBXVariantGroup section */

/* Begin XCBuildConfiguration section */
		0B83703F26D0DB33008467E2 /* Debug */ = {
			isa = XCBuildConfiguration;
			buildSettings = {
				ALWAYS_SEARCH_USER_PATHS = NO;
				CLANG_ANALYZER_NONNULL = YES;
				CLANG_ANALYZER_NUMBER_OBJECT_CONVERSION = YES_AGGRESSIVE;
				CLANG_CXX_LANGUAGE_STANDARD = "gnu++14";
				CLANG_CXX_LIBRARY = "libc++";
				CLANG_ENABLE_MODULES = YES;
				CLANG_ENABLE_OBJC_ARC = YES;
				CLANG_ENABLE_OBJC_WEAK = YES;
				CLANG_WARN_BLOCK_CAPTURE_AUTORELEASING = YES;
				CLANG_WARN_BOOL_CONVERSION = YES;
				CLANG_WARN_COMMA = YES;
				CLANG_WARN_CONSTANT_CONVERSION = YES;
				CLANG_WARN_DEPRECATED_OBJC_IMPLEMENTATIONS = YES;
				CLANG_WARN_DIRECT_OBJC_ISA_USAGE = YES_ERROR;
				CLANG_WARN_DOCUMENTATION_COMMENTS = YES;
				CLANG_WARN_EMPTY_BODY = YES;
				CLANG_WARN_ENUM_CONVERSION = YES;
				CLANG_WARN_INFINITE_RECURSION = YES;
				CLANG_WARN_INT_CONVERSION = YES;
				CLANG_WARN_NON_LITERAL_NULL_CONVERSION = YES;
				CLANG_WARN_OBJC_IMPLICIT_RETAIN_SELF = YES;
				CLANG_WARN_OBJC_LITERAL_CONVERSION = YES;
				CLANG_WARN_OBJC_ROOT_CLASS = YES_ERROR;
				CLANG_WARN_RANGE_LOOP_ANALYSIS = YES;
				CLANG_WARN_STRICT_PROTOTYPES = YES;
				CLANG_WARN_SUSPICIOUS_MOVE = YES;
				CLANG_WARN_UNGUARDED_AVAILABILITY = YES_AGGRESSIVE;
				CLANG_WARN_UNREACHABLE_CODE = YES;
				CLANG_WARN__DUPLICATE_METHOD_MATCH = YES;
				CODE_SIGN_IDENTITY = "iPhone Developer";
				COPY_PHASE_STRIP = NO;
				DEBUG_INFORMATION_FORMAT = dwarf;
				ENABLE_STRICT_OBJC_MSGSEND = YES;
				ENABLE_TESTABILITY = YES;
				GCC_C_LANGUAGE_STANDARD = gnu11;
				GCC_DYNAMIC_NO_PIC = NO;
				GCC_NO_COMMON_BLOCKS = YES;
				GCC_OPTIMIZATION_LEVEL = 0;
				GCC_PREPROCESSOR_DEFINITIONS = (
					"DEBUG=1",
					"$(inherited)",
				);
				GCC_WARN_64_TO_32_BIT_CONVERSION = YES;
				GCC_WARN_ABOUT_RETURN_TYPE = YES_ERROR;
				GCC_WARN_UNDECLARED_SELECTOR = YES;
				GCC_WARN_UNINITIALIZED_AUTOS = YES_AGGRESSIVE;
				GCC_WARN_UNUSED_FUNCTION = YES;
				GCC_WARN_UNUSED_VARIABLE = YES;
				IPHONEOS_DEPLOYMENT_TARGET = 12.2;
				MTL_ENABLE_DEBUG_INFO = INCLUDE_SOURCE;
				MTL_FAST_MATH = YES;
				ONLY_ACTIVE_ARCH = YES;
				SDKROOT = iphoneos;
				SWIFT_ACTIVE_COMPILATION_CONDITIONS = DEBUG;
				SWIFT_OPTIMIZATION_LEVEL = "-Onone";
			};
			name = Debug;
		};
		0B83704026D0DB33008467E2 /* Release */ = {
			isa = XCBuildConfiguration;
			buildSettings = {
				ALWAYS_SEARCH_USER_PATHS = NO;
				CLANG_ANALYZER_NONNULL = YES;
				CLANG_ANALYZER_NUMBER_OBJECT_CONVERSION = YES_AGGRESSIVE;
				CLANG_CXX_LANGUAGE_STANDARD = "gnu++14";
				CLANG_CXX_LIBRARY = "libc++";
				CLANG_ENABLE_MODULES = YES;
				CLANG_ENABLE_OBJC_ARC = YES;
				CLANG_ENABLE_OBJC_WEAK = YES;
				CLANG_WARN_BLOCK_CAPTURE_AUTORELEASING = YES;
				CLANG_WARN_BOOL_CONVERSION = YES;
				CLANG_WARN_COMMA = YES;
				CLANG_WARN_CONSTANT_CONVERSION = YES;
				CLANG_WARN_DEPRECATED_OBJC_IMPLEMENTATIONS = YES;
				CLANG_WARN_DIRECT_OBJC_ISA_USAGE = YES_ERROR;
				CLANG_WARN_DOCUMENTATION_COMMENTS = YES;
				CLANG_WARN_EMPTY_BODY = YES;
				CLANG_WARN_ENUM_CONVERSION = YES;
				CLANG_WARN_INFINITE_RECURSION = YES;
				CLANG_WARN_INT_CONVERSION = YES;
				CLANG_WARN_NON_LITERAL_NULL_CONVERSION = YES;
				CLANG_WARN_OBJC_IMPLICIT_RETAIN_SELF = YES;
				CLANG_WARN_OBJC_LITERAL_CONVERSION = YES;
				CLANG_WARN_OBJC_ROOT_CLASS = YES_ERROR;
				CLANG_WARN_RANGE_LOOP_ANALYSIS = YES;
				CLANG_WARN_STRICT_PROTOTYPES = YES;
				CLANG_WARN_SUSPICIOUS_MOVE = YES;
				CLANG_WARN_UNGUARDED_AVAILABILITY = YES_AGGRESSIVE;
				CLANG_WARN_UNREACHABLE_CODE = YES;
				CLANG_WARN__DUPLICATE_METHOD_MATCH = YES;
				CODE_SIGN_IDENTITY = "iPhone Developer";
				COPY_PHASE_STRIP = NO;
				DEBUG_INFORMATION_FORMAT = "dwarf-with-dsym";
				ENABLE_NS_ASSERTIONS = NO;
				ENABLE_STRICT_OBJC_MSGSEND = YES;
				GCC_C_LANGUAGE_STANDARD = gnu11;
				GCC_NO_COMMON_BLOCKS = YES;
				GCC_WARN_64_TO_32_BIT_CONVERSION = YES;
				GCC_WARN_ABOUT_RETURN_TYPE = YES_ERROR;
				GCC_WARN_UNDECLARED_SELECTOR = YES;
				GCC_WARN_UNINITIALIZED_AUTOS = YES_AGGRESSIVE;
				GCC_WARN_UNUSED_FUNCTION = YES;
				GCC_WARN_UNUSED_VARIABLE = YES;
				IPHONEOS_DEPLOYMENT_TARGET = 12.2;
				MTL_ENABLE_DEBUG_INFO = NO;
				MTL_FAST_MATH = YES;
				SDKROOT = iphoneos;
				SWIFT_COMPILATION_MODE = wholemodule;
				SWIFT_OPTIMIZATION_LEVEL = "-O";
				VALIDATE_PRODUCT = YES;
			};
			name = Release;
		};
		0B83704226D0DB33008467E2 /* Debug */ = {
			isa = XCBuildConfiguration;
			buildSettings = {
				ASSETCATALOG_COMPILER_APPICON_NAME = AppIcon;
				CODE_SIGN_STYLE = Automatic;
				INFOPLIST_FILE = WeatherApp/Info.plist;
				LD_RUNPATH_SEARCH_PATHS = (
					"$(inherited)",
					"@executable_path/Frameworks",
				);
				PRODUCT_BUNDLE_IDENTIFIER = in.ac.vnsgu.dcs.WeatherApp;
				PRODUCT_NAME = "$(TARGET_NAME)";
				SWIFT_VERSION = 5.0;
				TARGETED_DEVICE_FAMILY = "1,2";
			};
			name = Debug;
		};
		0B83704326D0DB33008467E2 /* Release */ = {
			isa = XCBuildConfiguration;
			buildSettings = {
				ASSETCATALOG_COMPILER_APPICON_NAME = AppIcon;
				CODE_SIGN_STYLE = Automatic;
				INFOPLIST_FILE = WeatherApp/Info.plist;
				LD_RUNPATH_SEARCH_PATHS = (
					"$(inherited)",
					"@executable_path/Frameworks",
				);
				PRODUCT_BUNDLE_IDENTIFIER = in.ac.vnsgu.dcs.WeatherApp;
				PRODUCT_NAME = "$(TARGET_NAME)";
				SWIFT_VERSION = 5.0;
				TARGETED_DEVICE_FAMILY = "1,2";
			};
			name = Release;
		};
/* End XCBuildConfiguration section */

/* Begin XCConfigurationList section */
		0B83702A26D0D989008467E2 /* Build configuration list for PBXProject "WeatherApp" */ = {
			isa = XCConfigurationList;
			buildConfigurations = (
				0B83703F26D0DB33008467E2 /* Debug */,
				0B83704026D0DB33008467E2 /* Release */,
			);
			defaultConfigurationIsVisible = 0;
			defaultConfigurationName = Release;
		};
		0B83704126D0DB33008467E2 /* Build configuration list for PBXNativeTarget "WeatherApp" */ = {
			isa = XCConfigurationList;
			buildConfigurations = (
				0B83704226D0DB33008467E2 /* Debug */,
				0B83704326D0DB33008467E2 /* Release */,
			);
			defaultConfigurationIsVisible = 0;
			defaultConfigurationName = Release;
		};
/* End XCConfigurationList section */
	};
	rootObject = 0B83702726D0D989008467E2 /* Project object */;
}
